
Microsoft Visual Studio Solution File, Format Version 12.00
# Visual Studio 14
VisualStudioVersion = 14.0.25420.1
MinimumVisualStudioVersion = 10.0.40219.1
Project("{FAE04EC0-301F-11D3-BF4B-00C04F79EFBC}") = "JonkerBudget.WebApi", "JonkerBudget.WebApi\JonkerBudget.WebApi.csproj", "{D469D1AC-B620-4263-8DB3-AB8151CFBA3D}"
EndProject
Project("{FAE04EC0-301F-11D3-BF4B-00C04F79EFBC}") = "JonkerBudget.Domain", "JonkerBudget.Domain\JonkerBudget.Domain.csproj", "{EB4D1DF5-DEE9-4AB5-B867-AFA81BDDF299}"
EndProject
Project("{FAE04EC0-301F-11D3-BF4B-00C04F79EFBC}") = "JonkerBudget.Application", "JonkerBudget.Application\JonkerBudget.Application.csproj", "{C563DEE7-9827-4D1E-80F0-A6FDE6BC9E36}"
EndProject
Project("{FAE04EC0-301F-11D3-BF4B-00C04F79EFBC}") = "JonkerBudget.EntityFramework", "JonkerBudget.EntityFramework\JonkerBudget.EntityFramework.csproj", "{8F3BE2FE-89CB-4541-BF7A-0ABC13691911}"
EndProject
Project("{2150E333-8FDC-42A3-9474-1A3956D46DE8}") = "Workers", "Workers", "{E4ED966A-2AD6-4027-B92B-ED6B9B748B93}"
EndProject
Project("{2150E333-8FDC-42A3-9474-1A3956D46DE8}") = "Web", "Web", "{C2D6DA12-A75A-4E7F-BF1A-8D1EA47A31ED}"
EndProject
Project("{FAE04EC0-301F-11D3-BF4B-00C04F79EFBC}") = "JonkerBudget.Web", "JonkerBudget.Web\JonkerBudget.Web.csproj", "{39D486CD-4A02-48E8-BAC5-EF8B94B88168}"
EndProject
Project("{FAE04EC0-301F-11D3-BF4B-00C04F79EFBC}") = "JonkerBudget.WorkerApi", "JonkerBudget.WorkerApi\JonkerBudget.WorkerApi.csproj", "{E1F279B8-860A-488F-924C-A366D411EC9F}"
EndProject
Project("{FAE04EC0-301F-11D3-BF4B-00C04F79EFBC}") = "JonkerBudget.Workers.EscalationWorker", "JonkerBudget.Workers.EscalationWorker\JonkerBudget.Workers.EscalationWorker.csproj", "{2FB529F0-7D90-46FF-87E4-9374BBE4F2C3}"
EndProject
Project("{FAE04EC0-301F-11D3-BF4B-00C04F79EFBC}") = "JonkerBudget.WebApi.Tests", "JonkerBudget.WebApi.Tests\JonkerBudget.WebApi.Tests.csproj", "{036CAA26-8DA4-4036-AE08-9CF507ED460F}"
EndProject
Project("{FAE04EC0-301F-11D3-BF4B-00C04F79EFBC}") = "JonkerBudget.Application.Tests", "JonkerBudget.Application.Tests\JonkerBudget.Application.Tests.csproj", "{7E52500C-0984-4B22-ADB4-808D3E588F11}"
EndProject
Project("{FAE04EC0-301F-11D3-BF4B-00C04F79EFBC}") = "JonkerBudget.Domain.Tests", "JonkerBudget.Domain.Tests\JonkerBudget.Domain.Tests.csproj", "{225DF221-7408-41D2-B667-04F288DA4490}"
EndProject
Project("{2150E333-8FDC-42A3-9474-1A3956D46DE8}") = "WebApi", "WebApi", "{6901B8F0-A579-4CE7-99A7-758F65ABF3DA}"
EndProject
Project("{2150E333-8FDC-42A3-9474-1A3956D46DE8}") = "Application", "Application", "{FED1A34A-CF1E-459A-97AE-131DE5A53455}"
EndProject
Project("{2150E333-8FDC-42A3-9474-1A3956D46DE8}") = "Domain", "Domain", "{37ACC529-E841-4B6E-9B93-A37EA92D123C}"
EndProject
Project("{2150E333-8FDC-42A3-9474-1A3956D46DE8}") = "Persistence", "Persistence", "{CA0FAA00-B0A1-4C84-82A8-7F0A181F5B6A}"
EndProject
Project("{2150E333-8FDC-42A3-9474-1A3956D46DE8}") = "DragonFire", "DragonFire", "{6377089F-908D-4B7F-B03A-BC383F7BBCDF}"
EndProject
Project("{FAE04EC0-301F-11D3-BF4B-00C04F79EFBC}") = "DragonFire.Module", "DragonFire.Module\DragonFire.Module.csproj", "{983F5547-F615-4102-9030-DE597809B572}"
EndProject
Project("{FAE04EC0-301F-11D3-BF4B-00C04F79EFBC}") = "DragonFire.Intercept", "DragonFire.Intercept\DragonFire.Intercept.csproj", "{1E2E738E-48F8-4A02-90BA-7132347CEA6E}"
EndProject
Project("{FAE04EC0-301F-11D3-BF4B-00C04F79EFBC}") = "JonkerBudget.WorkerAPI.Client", "JonkerBudget.WorkerAPI.Client\JonkerBudget.WorkerAPI.Client.csproj", "{61705D2B-42FA-43DA-971C-DF58148502CE}"
EndProject
Global
	GlobalSection(SolutionConfigurationPlatforms) = preSolution
		Debug|Any CPU = Debug|Any CPU
		Release|Any CPU = Release|Any CPU
	EndGlobalSection
	GlobalSection(ProjectConfigurationPlatforms) = postSolution
		{D469D1AC-B620-4263-8DB3-AB8151CFBA3D}.Debug|Any CPU.ActiveCfg = Debug|Any CPU
		{D469D1AC-B620-4263-8DB3-AB8151CFBA3D}.Debug|Any CPU.Build.0 = Debug|Any CPU
		{D469D1AC-B620-4263-8DB3-AB8151CFBA3D}.Release|Any CPU.ActiveCfg = Release|Any CPU
		{D469D1AC-B620-4263-8DB3-AB8151CFBA3D}.Release|Any CPU.Build.0 = Release|Any CPU
		{EB4D1DF5-DEE9-4AB5-B867-AFA81BDDF299}.Debug|Any CPU.ActiveCfg = Debug|Any CPU
		{EB4D1DF5-DEE9-4AB5-B867-AFA81BDDF299}.Debug|Any CPU.Build.0 = Debug|Any CPU
		{EB4D1DF5-DEE9-4AB5-B867-AFA81BDDF299}.Release|Any CPU.ActiveCfg = Release|Any CPU
		{EB4D1DF5-DEE9-4AB5-B867-AFA81BDDF299}.Release|Any CPU.Build.0 = Release|Any CPU
		{C563DEE7-9827-4D1E-80F0-A6FDE6BC9E36}.Debug|Any CPU.ActiveCfg = Debug|Any CPU
		{C563DEE7-9827-4D1E-80F0-A6FDE6BC9E36}.Debug|Any CPU.Build.0 = Debug|Any CPU
		{C563DEE7-9827-4D1E-80F0-A6FDE6BC9E36}.Release|Any CPU.ActiveCfg = Release|Any CPU
		{C563DEE7-9827-4D1E-80F0-A6FDE6BC9E36}.Release|Any CPU.Build.0 = Release|Any CPU
		{8F3BE2FE-89CB-4541-BF7A-0ABC13691911}.Debug|Any CPU.ActiveCfg = Debug|Any CPU
		{8F3BE2FE-89CB-4541-BF7A-0ABC13691911}.Debug|Any CPU.Build.0 = Debug|Any CPU
		{8F3BE2FE-89CB-4541-BF7A-0ABC13691911}.Release|Any CPU.ActiveCfg = Release|Any CPU
		{8F3BE2FE-89CB-4541-BF7A-0ABC13691911}.Release|Any CPU.Build.0 = Release|Any CPU
		{39D486CD-4A02-48E8-BAC5-EF8B94B88168}.Debug|Any CPU.ActiveCfg = Debug|Any CPU
		{39D486CD-4A02-48E8-BAC5-EF8B94B88168}.Debug|Any CPU.Build.0 = Debug|Any CPU
		{39D486CD-4A02-48E8-BAC5-EF8B94B88168}.Release|Any CPU.ActiveCfg = Release|Any CPU
		{39D486CD-4A02-48E8-BAC5-EF8B94B88168}.Release|Any CPU.Build.0 = Release|Any CPU
		{E1F279B8-860A-488F-924C-A366D411EC9F}.Debug|Any CPU.ActiveCfg = Debug|Any CPU
		{E1F279B8-860A-488F-924C-A366D411EC9F}.Debug|Any CPU.Build.0 = Debug|Any CPU
		{E1F279B8-860A-488F-924C-A366D411EC9F}.Release|Any CPU.ActiveCfg = Release|Any CPU
		{E1F279B8-860A-488F-924C-A366D411EC9F}.Release|Any CPU.Build.0 = Release|Any CPU
		{2FB529F0-7D90-46FF-87E4-9374BBE4F2C3}.Debug|Any CPU.ActiveCfg = Debug|Any CPU
		{2FB529F0-7D90-46FF-87E4-9374BBE4F2C3}.Debug|Any CPU.Build.0 = Debug|Any CPU
		{2FB529F0-7D90-46FF-87E4-9374BBE4F2C3}.Release|Any CPU.ActiveCfg = Release|Any CPU
		{2FB529F0-7D90-46FF-87E4-9374BBE4F2C3}.Release|Any CPU.Build.0 = Release|Any CPU
		{036CAA26-8DA4-4036-AE08-9CF507ED460F}.Debug|Any CPU.ActiveCfg = Debug|Any CPU
		{036CAA26-8DA4-4036-AE08-9CF507ED460F}.Debug|Any CPU.Build.0 = Debug|Any CPU
		{036CAA26-8DA4-4036-AE08-9CF507ED460F}.Release|Any CPU.ActiveCfg = Release|Any CPU
		{036CAA26-8DA4-4036-AE08-9CF507ED460F}.Release|Any CPU.Build.0 = Release|Any CPU
		{7E52500C-0984-4B22-ADB4-808D3E588F11}.Debug|Any CPU.ActiveCfg = Debug|Any CPU
		{7E52500C-0984-4B22-ADB4-808D3E588F11}.Debug|Any CPU.Build.0 = Debug|Any CPU
		{7E52500C-0984-4B22-ADB4-808D3E588F11}.Release|Any CPU.ActiveCfg = Release|Any CPU
		{7E52500C-0984-4B22-ADB4-808D3E588F11}.Release|Any CPU.Build.0 = Release|Any CPU
		{225DF221-7408-41D2-B667-04F288DA4490}.Debug|Any CPU.ActiveCfg = Debug|Any CPU
		{225DF221-7408-41D2-B667-04F288DA4490}.Debug|Any CPU.Build.0 = Debug|Any CPU
		{225DF221-7408-41D2-B667-04F288DA4490}.Release|Any CPU.ActiveCfg = Release|Any CPU
		{225DF221-7408-41D2-B667-04F288DA4490}.Release|Any CPU.Build.0 = Release|Any CPU
		{983F5547-F615-4102-9030-DE597809B572}.Debug|Any CPU.ActiveCfg = Debug|Any CPU
		{983F5547-F615-4102-9030-DE597809B572}.Debug|Any CPU.Build.0 = Debug|Any CPU
		{983F5547-F615-4102-9030-DE597809B572}.Release|Any CPU.ActiveCfg = Release|Any CPU
		{983F5547-F615-4102-9030-DE597809B572}.Release|Any CPU.Build.0 = Release|Any CPU
		{1E2E738E-48F8-4A02-90BA-7132347CEA6E}.Debug|Any CPU.ActiveCfg = Debug|Any CPU
		{1E2E738E-48F8-4A02-90BA-7132347CEA6E}.Debug|Any CPU.Build.0 = Debug|Any CPU
		{1E2E738E-48F8-4A02-90BA-7132347CEA6E}.Release|Any CPU.ActiveCfg = Release|Any CPU
		{1E2E738E-48F8-4A02-90BA-7132347CEA6E}.Release|Any CPU.Build.0 = Release|Any CPU
		{61705D2B-42FA-43DA-971C-DF58148502CE}.Debug|Any CPU.ActiveCfg = Debug|Any CPU
		{61705D2B-42FA-43DA-971C-DF58148502CE}.Debug|Any CPU.Build.0 = Debug|Any CPU
		{61705D2B-42FA-43DA-971C-DF58148502CE}.Release|Any CPU.ActiveCfg = Release|Any CPU
		{61705D2B-42FA-43DA-971C-DF58148502CE}.Release|Any CPU.Build.0 = Release|Any CPU
	EndGlobalSection
	GlobalSection(SolutionProperties) = preSolution
		HideSolutionNode = FALSE
	EndGlobalSection
	GlobalSection(NestedProjects) = preSolution
		{D469D1AC-B620-4263-8DB3-AB8151CFBA3D} = {6901B8F0-A579-4CE7-99A7-758F65ABF3DA}
		{EB4D1DF5-DEE9-4AB5-B867-AFA81BDDF299} = {37ACC529-E841-4B6E-9B93-A37EA92D123C}
		{C563DEE7-9827-4D1E-80F0-A6FDE6BC9E36} = {FED1A34A-CF1E-459A-97AE-131DE5A53455}
		{8F3BE2FE-89CB-4541-BF7A-0ABC13691911} = {CA0FAA00-B0A1-4C84-82A8-7F0A181F5B6A}
		{39D486CD-4A02-48E8-BAC5-EF8B94B88168} = {C2D6DA12-A75A-4E7F-BF1A-8D1EA47A31ED}
		{E1F279B8-860A-488F-924C-A366D411EC9F} = {E4ED966A-2AD6-4027-B92B-ED6B9B748B93}
		{2FB529F0-7D90-46FF-87E4-9374BBE4F2C3} = {E4ED966A-2AD6-4027-B92B-ED6B9B748B93}
		{036CAA26-8DA4-4036-AE08-9CF507ED460F} = {6901B8F0-A579-4CE7-99A7-758F65ABF3DA}
		{7E52500C-0984-4B22-ADB4-808D3E588F11} = {FED1A34A-CF1E-459A-97AE-131DE5A53455}
		{225DF221-7408-41D2-B667-04F288DA4490} = {37ACC529-E841-4B6E-9B93-A37EA92D123C}
		{983F5547-F615-4102-9030-DE597809B572} = {6377089F-908D-4B7F-B03A-BC383F7BBCDF}
		{1E2E738E-48F8-4A02-90BA-7132347CEA6E} = {6377089F-908D-4B7F-B03A-BC383F7BBCDF}
		{61705D2B-42FA-43DA-971C-DF58148502CE} = {E4ED966A-2AD6-4027-B92B-ED6B9B748B93}
	EndGlobalSection
EndGlobal
